
Microsoft Visual Studio Solution File, Format Version 12.00
# Visual Studio Version 17
VisualStudioVersion = 17.2.32526.322
MinimumVisualStudioVersion = 10.0.40219.1
Project("{FAE04EC0-301F-11D3-BF4B-00C04F79EFBC}") = "МЭ_вар2", "МЭ_вар2\МЭ_вар2.csproj", "{658AF2CB-7040-421C-BF62-3CD236860C00}"
EndProject
Project("{FAE04EC0-301F-11D3-BF4B-00C04F79EFBC}") = "UnitTestProject", "UnitTestProject\UnitTestProject.csproj", "{A802F38E-C160-428B-BC23-B29AED589AEF}"
EndProject
Global
	GlobalSection(SolutionConfigurationPlatforms) = preSolution
		Debug|Any CPU = Debug|Any CPU
		Release|Any CPU = Release|Any CPU
	EndGlobalSection
	GlobalSection(ProjectConfigurationPlatforms) = postSolution
		{658AF2CB-7040-421C-BF62-3CD236860C00}.Debug|Any CPU.ActiveCfg = Debug|Any CPU
		{658AF2CB-7040-421C-BF62-3CD236860C00}.Debug|Any CPU.Build.0 = Debug|Any CPU
		{658AF2CB-7040-421C-BF62-3CD236860C00}.Release|Any CPU.ActiveCfg = Release|Any CPU
		{658AF2CB-7040-421C-BF62-3CD236860C00}.Release|Any CPU.Build.0 = Release|Any CPU
		{A802F38E-C160-428B-BC23-B29AED589AEF}.Debug|Any CPU.ActiveCfg = Debug|Any CPU
		{A802F38E-C160-428B-BC23-B29AED589AEF}.Debug|Any CPU.Build.0 = Debug|Any CPU
		{A802F38E-C160-428B-BC23-B29AED589AEF}.Release|Any CPU.ActiveCfg = Release|Any CPU
		{A802F38E-C160-428B-BC23-B29AED589AEF}.Release|Any CPU.Build.0 = Release|Any CPU
	EndGlobalSection
	GlobalSection(SolutionProperties) = preSolution
		HideSolutionNode = FALSE
	EndGlobalSection
	GlobalSection(ExtensibilityGlobals) = postSolution
		SolutionGuid = {CE267FFC-2F66-4845-8C97-D7596A8D9CAB}
	EndGlobalSection
EndGlobal
